
Microsoft Visual Studio Solution File, Format Version 12.00
# Visual Studio Version 17
VisualStudioVersion = 17.11.35312.102
MinimumVisualStudioVersion = 10.0.40219.1
Project("{9A19103F-16F7-4668-BE54-9A1E7A4F7556}") = "CurrencyTracker", "CurrencyTracker\CurrencyTracker.csproj", "{48E58EAE-8223-410F-A8EE-0A8B443C19D2}"
EndProject
Project("{FAE04EC0-301F-11D3-BF4B-00C04F79EFBC}") = "CurrencyTrackerTests", "CurrencyTrackerTests\CurrencyTrackerTests.csproj", "{BA003994-1262-4F6D-9E39-AE131EE5F104}"
EndProject
Global
	GlobalSection(SolutionConfigurationPlatforms) = preSolution
		Debug|Any CPU = Debug|Any CPU
		Release|Any CPU = Release|Any CPU
	EndGlobalSection
	GlobalSection(ProjectConfigurationPlatforms) = postSolution
		{48E58EAE-8223-410F-A8EE-0A8B443C19D2}.Debug|Any CPU.ActiveCfg = Debug|Any CPU
		{48E58EAE-8223-410F-A8EE-0A8B443C19D2}.Debug|Any CPU.Build.0 = Debug|Any CPU
		{48E58EAE-8223-410F-A8EE-0A8B443C19D2}.Release|Any CPU.ActiveCfg = Release|Any CPU
		{48E58EAE-8223-410F-A8EE-0A8B443C19D2}.Release|Any CPU.Build.0 = Release|Any CPU
		{BA003994-1262-4F6D-9E39-AE131EE5F104}.Debug|Any CPU.ActiveCfg = Debug|Any CPU
		{BA003994-1262-4F6D-9E39-AE131EE5F104}.Debug|Any CPU.Build.0 = Debug|Any CPU
		{BA003994-1262-4F6D-9E39-AE131EE5F104}.Release|Any CPU.ActiveCfg = Release|Any CPU
		{BA003994-1262-4F6D-9E39-AE131EE5F104}.Release|Any CPU.Build.0 = Release|Any CPU
	EndGlobalSection
	GlobalSection(SolutionProperties) = preSolution
		HideSolutionNode = FALSE
	EndGlobalSection
	GlobalSection(ExtensibilityGlobals) = postSolution
		SolutionGuid = {14B61432-F0CD-4B75-B4DB-A582CB28BCA3}
	EndGlobalSection
EndGlobal
